{
  "name": "@voxgig/create-sdkgen",
  "version": "0.3.1",
  "lockfileVersion": 3,
  "requires": true,
  "packages": {
    "": {
      "name": "@voxgig/create-sdkgen",
      "version": "0.3.1",
      "license": "MIT",
      "dependencies": {
        "@voxgig/util": "^0.2.2",
        "aontu": "^0.36.0",
        "chokidar": "^5.0.0",
        "gubu": "^9.0.0",
        "jostraca": "^0.25.1"
      },
      "bin": {
        "create-sdkgen": "bin/create-sdkgen"
      },
      "devDependencies": {
        "@hapi/code": "^9.0.3",
        "@types/node": "25.3.3",
        "esbuild": "^0.27.3",
        "memfs": "^4.56.10",
        "typescript": "^5.9.3"
      }
    },
    "node_modules/@esbuild/aix-ppc64": {
      "version": "0.27.3",
      "resolved": "https://registry.npmjs.org/@esbuild/aix-ppc64/-/aix-ppc64-0.27.3.tgz",
      "integrity": "sha512-9fJMTNFTWZMh5qwrBItuziu834eOCUcEqymSH7pY+zoMVEZg3gcPuBNxH1EvfVYe9h0x/Ptw8KBzv7qxb7l8dg==",
      "cpu": [
        "ppc64"
      ],
      "dev": true,
      "license": "MIT",
      "optional": true,
      "os": [
        "aix"
      ],
      "engines": {
        "node": ">=18"
      }
    },
    "node_modules/@esbuild/android-arm": {
      "version": "0.27.3",
      "resolved": "https://registry.npmjs.org/@esbuild/android-arm/-/android-arm-0.27.3.tgz",
      "integrity": "sha512-i5D1hPY7GIQmXlXhs2w8AWHhenb00+GxjxRncS2ZM7YNVGNfaMxgzSGuO8o8SJzRc/oZwU2bcScvVERk03QhzA==",
      "cpu": [
        "arm"
      ],
      "dev": true,
      "license": "MIT",
      "optional": true,
      "os": [
        "android"
      ],
      "engines": {
        "node": ">=18"
      }
    },
    "node_modules/@esbuild/android-arm64": {
      "version": "0.27.3",
      "resolved": "https://registry.npmjs.org/@esbuild/android-arm64/-/android-arm64-0.27.3.tgz",
      "integrity": "sha512-YdghPYUmj/FX2SYKJ0OZxf+iaKgMsKHVPF1MAq/P8WirnSpCStzKJFjOjzsW0QQ7oIAiccHdcqjbHmJxRb/dmg==",
      "cpu": [
        "arm64"
      ],
      "dev": true,
      "license": "MIT",
      "optional": true,
      "os": [
        "android"
      ],
      "engines": {
        "node": ">=18"
      }
    },
    "node_modules/@esbuild/android-x64": {
      "version": "0.27.3",
      "resolved": "https://registry.npmjs.org/@esbuild/android-x64/-/android-x64-0.27.3.tgz",
      "integrity": "sha512-IN/0BNTkHtk8lkOM8JWAYFg4ORxBkZQf9zXiEOfERX/CzxW3Vg1ewAhU7QSWQpVIzTW+b8Xy+lGzdYXV6UZObQ==",
      "cpu": [
        "x64"
      ],
      "dev": true,
      "license": "MIT",
      "optional": true,
      "os": [
        "android"
      ],
      "engines": {
        "node": ">=18"
      }
    },
    "node_modules/@esbuild/darwin-arm64": {
      "version": "0.27.3",
      "resolved": "https://registry.npmjs.org/@esbuild/darwin-arm64/-/darwin-arm64-0.27.3.tgz",
      "integrity": "sha512-Re491k7ByTVRy0t3EKWajdLIr0gz2kKKfzafkth4Q8A5n1xTHrkqZgLLjFEHVD+AXdUGgQMq+Godfq45mGpCKg==",
      "cpu": [
        "arm64"
      ],
      "dev": true,
      "license": "MIT",
      "optional": true,
      "os": [
        "darwin"
      ],
      "engines": {
        "node": ">=18"
      }
    },
    "node_modules/@esbuild/darwin-x64": {
      "version": "0.27.3",
      "resolved": "https://registry.npmjs.org/@esbuild/darwin-x64/-/darwin-x64-0.27.3.tgz",
      "integrity": "sha512-vHk/hA7/1AckjGzRqi6wbo+jaShzRowYip6rt6q7VYEDX4LEy1pZfDpdxCBnGtl+A5zq8iXDcyuxwtv3hNtHFg==",
      "cpu": [
        "x64"
      ],
      "dev": true,
      "license": "MIT",
      "optional": true,
      "os": [
        "darwin"
      ],
      "engines": {
        "node": ">=18"
      }
    },
    "node_modules/@esbuild/freebsd-arm64": {
      "version": "0.27.3",
      "resolved": "https://registry.npmjs.org/@esbuild/freebsd-arm64/-/freebsd-arm64-0.27.3.tgz",
      "integrity": "sha512-ipTYM2fjt3kQAYOvo6vcxJx3nBYAzPjgTCk7QEgZG8AUO3ydUhvelmhrbOheMnGOlaSFUoHXB6un+A7q4ygY9w==",
      "cpu": [
        "arm64"
      ],
      "dev": true,
      "license": "MIT",
      "optional": true,
      "os": [
        "freebsd"
      ],
      "engines": {
        "node": ">=18"
      }
    },
    "node_modules/@esbuild/freebsd-x64": {
      "version": "0.27.3",
      "resolved": "https://registry.npmjs.org/@esbuild/freebsd-x64/-/freebsd-x64-0.27.3.tgz",
      "integrity": "sha512-dDk0X87T7mI6U3K9VjWtHOXqwAMJBNN2r7bejDsc+j03SEjtD9HrOl8gVFByeM0aJksoUuUVU9TBaZa2rgj0oA==",
      "cpu": [
        "x64"
      ],
      "dev": true,
      "license": "MIT",
      "optional": true,
      "os": [
        "freebsd"
      ],
      "engines": {
        "node": ">=18"
      }
    },
    "node_modules/@esbuild/linux-arm": {
      "version": "0.27.3",
      "resolved": "https://registry.npmjs.org/@esbuild/linux-arm/-/linux-arm-0.27.3.tgz",
      "integrity": "sha512-s6nPv2QkSupJwLYyfS+gwdirm0ukyTFNl3KTgZEAiJDd+iHZcbTPPcWCcRYH+WlNbwChgH2QkE9NSlNrMT8Gfw==",
      "cpu": [
        "arm"
      ],
      "dev": true,
      "license": "MIT",
      "optional": true,
      "os": [
        "linux"
      ],
      "engines": {
        "node": ">=18"
      }
    },
    "node_modules/@esbuild/linux-arm64": {
      "version": "0.27.3",
      "resolved": "https://registry.npmjs.org/@esbuild/linux-arm64/-/linux-arm64-0.27.3.tgz",
      "integrity": "sha512-sZOuFz/xWnZ4KH3YfFrKCf1WyPZHakVzTiqji3WDc0BCl2kBwiJLCXpzLzUBLgmp4veFZdvN5ChW4Eq/8Fc2Fg==",
      "cpu": [
        "arm64"
      ],
      "dev": true,
      "license": "MIT",
      "optional": true,
      "os": [
        "linux"
      ],
      "engines": {
        "node": ">=18"
      }
    },
    "node_modules/@esbuild/linux-ia32": {
      "version": "0.27.3",
      "resolved": "https://registry.npmjs.org/@esbuild/linux-ia32/-/linux-ia32-0.27.3.tgz",
      "integrity": "sha512-yGlQYjdxtLdh0a3jHjuwOrxQjOZYD/C9PfdbgJJF3TIZWnm/tMd/RcNiLngiu4iwcBAOezdnSLAwQDPqTmtTYg==",
      "cpu": [
        "ia32"
      ],
      "dev": true,
      "license": "MIT",
      "optional": true,
      "os": [
        "linux"
      ],
      "engines": {
        "node": ">=18"
      }
    },
    "node_modules/@esbuild/linux-loong64": {
      "version": "0.27.3",
      "resolved": "https://registry.npmjs.org/@esbuild/linux-loong64/-/linux-loong64-0.27.3.tgz",
      "integrity": "sha512-WO60Sn8ly3gtzhyjATDgieJNet/KqsDlX5nRC5Y3oTFcS1l0KWba+SEa9Ja1GfDqSF1z6hif/SkpQJbL63cgOA==",
      "cpu": [
        "loong64"
      ],
      "dev": true,
      "license": "MIT",
      "optional": true,
      "os": [
        "linux"
      ],
      "engines": {
        "node": ">=18"
      }
    },
    "node_modules/@esbuild/linux-mips64el": {
      "version": "0.27.3",
      "resolved": "https://registry.npmjs.org/@esbuild/linux-mips64el/-/linux-mips64el-0.27.3.tgz",
      "integrity": "sha512-APsymYA6sGcZ4pD6k+UxbDjOFSvPWyZhjaiPyl/f79xKxwTnrn5QUnXR5prvetuaSMsb4jgeHewIDCIWljrSxw==",
      "cpu": [
        "mips64el"
      ],
      "dev": true,
      "license": "MIT",
      "optional": true,
      "os": [
        "linux"
      ],
      "engines": {
        "node": ">=18"
      }
    },
    "node_modules/@esbuild/linux-ppc64": {
      "version": "0.27.3",
      "resolved": "https://registry.npmjs.org/@esbuild/linux-ppc64/-/linux-ppc64-0.27.3.tgz",
      "integrity": "sha512-eizBnTeBefojtDb9nSh4vvVQ3V9Qf9Df01PfawPcRzJH4gFSgrObw+LveUyDoKU3kxi5+9RJTCWlj4FjYXVPEA==",
      "cpu": [
        "ppc64"
      ],
      "dev": true,
      "license": "MIT",
      "optional": true,
      "os": [
        "linux"
      ],
      "engines": {
        "node": ">=18"
      }
    },
    "node_modules/@esbuild/linux-riscv64": {
      "version": "0.27.3",
      "resolved": "https://registry.npmjs.org/@esbuild/linux-riscv64/-/linux-riscv64-0.27.3.tgz",
      "integrity": "sha512-3Emwh0r5wmfm3ssTWRQSyVhbOHvqegUDRd0WhmXKX2mkHJe1SFCMJhagUleMq+Uci34wLSipf8Lagt4LlpRFWQ==",
      "cpu": [
        "riscv64"
      ],
      "dev": true,
      "license": "MIT",
      "optional": true,
      "os": [
        "linux"
      ],
      "engines": {
        "node": ">=18"
      }
    },
    "node_modules/@esbuild/linux-s390x": {
      "version": "0.27.3",
      "resolved": "https://registry.npmjs.org/@esbuild/linux-s390x/-/linux-s390x-0.27.3.tgz",
      "integrity": "sha512-pBHUx9LzXWBc7MFIEEL0yD/ZVtNgLytvx60gES28GcWMqil8ElCYR4kvbV2BDqsHOvVDRrOxGySBM9Fcv744hw==",
      "cpu": [
        "s390x"
      ],
      "dev": true,
      "license": "MIT",
      "optional": true,
      "os": [
        "linux"
      ],
      "engines": {
        "node": ">=18"
      }
    },
    "node_modules/@esbuild/linux-x64": {
      "version": "0.27.3",
      "resolved": "https://registry.npmjs.org/@esbuild/linux-x64/-/linux-x64-0.27.3.tgz",
      "integrity": "sha512-Czi8yzXUWIQYAtL/2y6vogER8pvcsOsk5cpwL4Gk5nJqH5UZiVByIY8Eorm5R13gq+DQKYg0+JyQoytLQas4dA==",
      "cpu": [
        "x64"
      ],
      "dev": true,
      "license": "MIT",
      "optional": true,
      "os": [
        "linux"
      ],
      "engines": {
        "node": ">=18"
      }
    },
    "node_modules/@esbuild/netbsd-arm64": {
      "version": "0.27.3",
      "resolved": "https://registry.npmjs.org/@esbuild/netbsd-arm64/-/netbsd-arm64-0.27.3.tgz",
      "integrity": "sha512-sDpk0RgmTCR/5HguIZa9n9u+HVKf40fbEUt+iTzSnCaGvY9kFP0YKBWZtJaraonFnqef5SlJ8/TiPAxzyS+UoA==",
      "cpu": [
        "arm64"
      ],
      "dev": true,
      "license": "MIT",
      "optional": true,
      "os": [
        "netbsd"
      ],
      "engines": {
        "node": ">=18"
      }
    },
    "node_modules/@esbuild/netbsd-x64": {
      "version": "0.27.3",
      "resolved": "https://registry.npmjs.org/@esbuild/netbsd-x64/-/netbsd-x64-0.27.3.tgz",
      "integrity": "sha512-P14lFKJl/DdaE00LItAukUdZO5iqNH7+PjoBm+fLQjtxfcfFE20Xf5CrLsmZdq5LFFZzb5JMZ9grUwvtVYzjiA==",
      "cpu": [
        "x64"
      ],
      "dev": true,
      "license": "MIT",
      "optional": true,
      "os": [
        "netbsd"
      ],
      "engines": {
        "node": ">=18"
      }
    },
    "node_modules/@esbuild/openbsd-arm64": {
      "version": "0.27.3",
      "resolved": "https://registry.npmjs.org/@esbuild/openbsd-arm64/-/openbsd-arm64-0.27.3.tgz",
      "integrity": "sha512-AIcMP77AvirGbRl/UZFTq5hjXK+2wC7qFRGoHSDrZ5v5b8DK/GYpXW3CPRL53NkvDqb9D+alBiC/dV0Fb7eJcw==",
      "cpu": [
        "arm64"
      ],
      "dev": true,
      "license": "MIT",
      "optional": true,
      "os": [
        "openbsd"
      ],
      "engines": {
        "node": ">=18"
      }
    },
    "node_modules/@esbuild/openbsd-x64": {
      "version": "0.27.3",
      "resolved": "https://registry.npmjs.org/@esbuild/openbsd-x64/-/openbsd-x64-0.27.3.tgz",
      "integrity": "sha512-DnW2sRrBzA+YnE70LKqnM3P+z8vehfJWHXECbwBmH/CU51z6FiqTQTHFenPlHmo3a8UgpLyH3PT+87OViOh1AQ==",
      "cpu": [
        "x64"
      ],
      "dev": true,
      "license": "MIT",
      "optional": true,
      "os": [
        "openbsd"
      ],
      "engines": {
        "node": ">=18"
      }
    },
    "node_modules/@esbuild/openharmony-arm64": {
      "version": "0.27.3",
      "resolved": "https://registry.npmjs.org/@esbuild/openharmony-arm64/-/openharmony-arm64-0.27.3.tgz",
      "integrity": "sha512-NinAEgr/etERPTsZJ7aEZQvvg/A6IsZG/LgZy+81wON2huV7SrK3e63dU0XhyZP4RKGyTm7aOgmQk0bGp0fy2g==",
      "cpu": [
        "arm64"
      ],
      "dev": true,
      "license": "MIT",
      "optional": true,
      "os": [
        "openharmony"
      ],
      "engines": {
        "node": ">=18"
      }
    },
    "node_modules/@esbuild/sunos-x64": {
      "version": "0.27.3",
      "resolved": "https://registry.npmjs.org/@esbuild/sunos-x64/-/sunos-x64-0.27.3.tgz",
      "integrity": "sha512-PanZ+nEz+eWoBJ8/f8HKxTTD172SKwdXebZ0ndd953gt1HRBbhMsaNqjTyYLGLPdoWHy4zLU7bDVJztF5f3BHA==",
      "cpu": [
        "x64"
      ],
      "dev": true,
      "license": "MIT",
      "optional": true,
      "os": [
        "sunos"
      ],
      "engines": {
        "node": ">=18"
      }
    },
    "node_modules/@esbuild/win32-arm64": {
      "version": "0.27.3",
      "resolved": "https://registry.npmjs.org/@esbuild/win32-arm64/-/win32-arm64-0.27.3.tgz",
      "integrity": "sha512-B2t59lWWYrbRDw/tjiWOuzSsFh1Y/E95ofKz7rIVYSQkUYBjfSgf6oeYPNWHToFRr2zx52JKApIcAS/D5TUBnA==",
      "cpu": [
        "arm64"
      ],
      "dev": true,
      "license": "MIT",
      "optional": true,
      "os": [
        "win32"
      ],
      "engines": {
        "node": ">=18"
      }
    },
    "node_modules/@esbuild/win32-ia32": {
      "version": "0.27.3",
      "resolved": "https://registry.npmjs.org/@esbuild/win32-ia32/-/win32-ia32-0.27.3.tgz",
      "integrity": "sha512-QLKSFeXNS8+tHW7tZpMtjlNb7HKau0QDpwm49u0vUp9y1WOF+PEzkU84y9GqYaAVW8aH8f3GcBck26jh54cX4Q==",
      "cpu": [
        "ia32"
      ],
      "dev": true,
      "license": "MIT",
      "optional": true,
      "os": [
        "win32"
      ],
      "engines": {
        "node": ">=18"
      }
    },
    "node_modules/@esbuild/win32-x64": {
      "version": "0.27.3",
      "resolved": "https://registry.npmjs.org/@esbuild/win32-x64/-/win32-x64-0.27.3.tgz",
      "integrity": "sha512-4uJGhsxuptu3OcpVAzli+/gWusVGwZZHTlS63hh++ehExkVT8SgiEf7/uC/PclrPPkLhZqGgCTjd0VWLo6xMqA==",
      "cpu": [
        "x64"
      ],
      "dev": true,
      "license": "MIT",
      "optional": true,
      "os": [
        "win32"
      ],
      "engines": {
        "node": ">=18"
      }
    },
    "node_modules/@hapi/code": {
      "version": "9.0.3",
      "resolved": "https://registry.npmjs.org/@hapi/code/-/code-9.0.3.tgz",
      "integrity": "sha512-g50b7qz861Xfnt1NWtcba1zVxlHLPDJh/4ys6pva6jMmQgbTDLgAkbORDHYbVSA7mYxZ2cHZ2n7ZeFb5j/ZhQw==",
      "dev": true,
      "license": "BSD-3-Clause",
      "dependencies": {
        "@hapi/hoek": "^11.0.2"
      }
    },
    "node_modules/@hapi/hoek": {
      "version": "11.0.7",
      "resolved": "https://registry.npmjs.org/@hapi/hoek/-/hoek-11.0.7.tgz",
      "integrity": "sha512-HV5undWkKzcB4RZUusqOpcgxOaq6VOAH7zhhIr2g3G8NF/MlFO75SjOr2NfuSx0Mh40+1FqCkagKLJRykUWoFQ==",
      "dev": true,
      "license": "BSD-3-Clause"
    },
    "node_modules/@jsonic/directive": {
      "version": "1.2.0",
      "resolved": "https://registry.npmjs.org/@jsonic/directive/-/directive-1.2.0.tgz",
      "integrity": "sha512-gKV4Qd8lfUC4fBUVGqpRnqQ3oaYLlvxNt3mOJarMt1yb9GSd95dZIdhXEnMoowtRsdwbzHqjmMZorZ1lSef1KQ==",
      "license": "MIT",
      "peer": true,
      "peerDependencies": {
        "jsonic": ">=2"
      }
    },
    "node_modules/@jsonic/expr": {
      "version": "2.0.0",
      "resolved": "https://registry.npmjs.org/@jsonic/expr/-/expr-2.0.0.tgz",
      "integrity": "sha512-FQM9+7mO9OsZRzCzFj7KXxkgnjri+BQebdcnHApU7osmULqfsmvY7miT3DUXZDC3ljKnf3LWgfOes2Ulz6fQDA==",
      "license": "MIT",
      "peerDependencies": {
        "jsonic": ">=2"
      }
    },
    "node_modules/@jsonic/multisource": {
      "version": "2.4.2",
      "resolved": "https://registry.npmjs.org/@jsonic/multisource/-/multisource-2.4.2.tgz",
      "integrity": "sha512-6CmymXZO/cWV5Qlp1U53U61k4+tqjB31VlcQga+Ys65eKb596A0fiWvmvPhl6ir7QJTKqevkhWHTBGmpy8ykJg==",
      "license": "MIT",
      "peerDependencies": {
        "@jsonic/directive": ">=1",
        "@jsonic/path": ">=1",
        "jsonic": ">=2"
      }
    },
    "node_modules/@jsonic/path": {
      "version": "1.5.1",
      "resolved": "https://registry.npmjs.org/@jsonic/path/-/path-1.5.1.tgz",
      "integrity": "sha512-IjMt/YBCUT16hrWc4hF+V3arv5lqMV0Y2OYxV/E2flzp9U5eI95CZijJgjXI9MuXQQiP9DN6b0KhtBVJg2GuWw==",
      "license": "MIT",
      "peer": true,
      "peerDependencies": {
        "jsonic": ">=2"
      }
    },
    "node_modules/@jsonjoy.com/base64": {
      "version": "1.1.2",
      "resolved": "https://registry.npmjs.org/@jsonjoy.com/base64/-/base64-1.1.2.tgz",
      "integrity": "sha512-q6XAnWQDIMA3+FTiOYajoYqySkO+JSat0ytXGSuRdq9uXE7o92gzuQwQM14xaCRlBLGq3v5miDGC4vkVTn54xA==",
      "license": "Apache-2.0",
      "engines": {
        "node": ">=10.0"
      },
      "funding": {
        "type": "github",
        "url": "https://github.com/sponsors/streamich"
      },
      "peerDependencies": {
        "tslib": "2"
      }
    },
    "node_modules/@jsonjoy.com/buffers": {
      "version": "17.67.0",
      "resolved": "https://registry.npmjs.org/@jsonjoy.com/buffers/-/buffers-17.67.0.tgz",
      "integrity": "sha512-tfExRpYxBvi32vPs9ZHaTjSP4fHAfzSmcahOfNxtvGHcyJel+aibkPlGeBB+7AoC6hL7lXIE++8okecBxx7lcw==",
      "license": "Apache-2.0",
      "engines": {
        "node": ">=10.0"
      },
      "funding": {
        "type": "github",
        "url": "https://github.com/sponsors/streamich"
      },
      "peerDependencies": {
        "tslib": "2"
      }
    },
    "node_modules/@jsonjoy.com/codegen": {
      "version": "1.0.0",
      "resolved": "https://registry.npmjs.org/@jsonjoy.com/codegen/-/codegen-1.0.0.tgz",
      "integrity": "sha512-E8Oy+08cmCf0EK/NMxpaJZmOxPqM+6iSe2S4nlSBrPZOORoDJILxtbSUEDKQyTamm/BVAhIGllOBNU79/dwf0g==",
      "license": "Apache-2.0",
      "engines": {
        "node": ">=10.0"
      },
      "funding": {
        "type": "github",
        "url": "https://github.com/sponsors/streamich"
      },
      "peerDependencies": {
        "tslib": "2"
      }
    },
    "node_modules/@jsonjoy.com/fs-core": {
      "version": "4.56.10",
      "resolved": "https://registry.npmjs.org/@jsonjoy.com/fs-core/-/fs-core-4.56.10.tgz",
      "integrity": "sha512-PyAEA/3cnHhsGcdY+AmIU+ZPqTuZkDhCXQ2wkXypdLitSpd6d5Ivxhnq4wa2ETRWFVJGabYynBWxIijOswSmOw==",
      "license": "Apache-2.0",
      "dependencies": {
        "@jsonjoy.com/fs-node-builtins": "4.56.10",
        "@jsonjoy.com/fs-node-utils": "4.56.10",
        "thingies": "^2.5.0"
      },
      "engines": {
        "node": ">=10.0"
      },
      "funding": {
        "type": "github",
        "url": "https://github.com/sponsors/streamich"
      },
      "peerDependencies": {
        "tslib": "2"
      }
    },
    "node_modules/@jsonjoy.com/fs-fsa": {
      "version": "4.56.10",
      "resolved": "https://registry.npmjs.org/@jsonjoy.com/fs-fsa/-/fs-fsa-4.56.10.tgz",
      "integrity": "sha512-/FVK63ysNzTPOnCCcPoPHt77TOmachdMS422txM4KhxddLdbW1fIbFMYH0AM0ow/YchCyS5gqEjKLNyv71j/5Q==",
      "license": "Apache-2.0",
      "dependencies": {
        "@jsonjoy.com/fs-core": "4.56.10",
        "@jsonjoy.com/fs-node-builtins": "4.56.10",
        "@jsonjoy.com/fs-node-utils": "4.56.10",
        "thingies": "^2.5.0"
      },
      "engines": {
        "node": ">=10.0"
      },
      "funding": {
        "type": "github",
        "url": "https://github.com/sponsors/streamich"
      },
      "peerDependencies": {
        "tslib": "2"
      }
    },
    "node_modules/@jsonjoy.com/fs-node": {
      "version": "4.56.10",
      "resolved": "https://registry.npmjs.org/@jsonjoy.com/fs-node/-/fs-node-4.56.10.tgz",
      "integrity": "sha512-7R4Gv3tkUdW3dXfXiOkqxkElxKNVdd8BDOWC0/dbERd0pXpPY+s2s1Mino+aTvkGrFPiY+mmVxA7zhskm4Ue4Q==",
      "license": "Apache-2.0",
      "dependencies": {
        "@jsonjoy.com/fs-core": "4.56.10",
        "@jsonjoy.com/fs-node-builtins": "4.56.10",
        "@jsonjoy.com/fs-node-utils": "4.56.10",
        "@jsonjoy.com/fs-print": "4.56.10",
        "@jsonjoy.com/fs-snapshot": "4.56.10",
        "glob-to-regex.js": "^1.0.0",
        "thingies": "^2.5.0"
      },
      "engines": {
        "node": ">=10.0"
      },
      "funding": {
        "type": "github",
        "url": "https://github.com/sponsors/streamich"
      },
      "peerDependencies": {
        "tslib": "2"
      }
    },
    "node_modules/@jsonjoy.com/fs-node-builtins": {
      "version": "4.56.10",
      "resolved": "https://registry.npmjs.org/@jsonjoy.com/fs-node-builtins/-/fs-node-builtins-4.56.10.tgz",
      "integrity": "sha512-uUnKz8R0YJyKq5jXpZtkGV9U0pJDt8hmYcLRrPjROheIfjMXsz82kXMgAA/qNg0wrZ1Kv+hrg7azqEZx6XZCVw==",
      "license": "Apache-2.0",
      "engines": {
        "node": ">=10.0"
      },
      "funding": {
        "type": "github",
        "url": "https://github.com/sponsors/streamich"
      },
      "peerDependencies": {
        "tslib": "2"
      }
    },
    "node_modules/@jsonjoy.com/fs-node-to-fsa": {
      "version": "4.56.10",
      "resolved": "https://registry.npmjs.org/@jsonjoy.com/fs-node-to-fsa/-/fs-node-to-fsa-4.56.10.tgz",
      "integrity": "sha512-oH+O6Y4lhn9NyG6aEoFwIBNKZeYy66toP5LJcDOMBgL99BKQMUf/zWJspdRhMdn/3hbzQsZ8EHHsuekbFLGUWw==",
      "license": "Apache-2.0",
      "dependencies": {
        "@jsonjoy.com/fs-fsa": "4.56.10",
        "@jsonjoy.com/fs-node-builtins": "4.56.10",
        "@jsonjoy.com/fs-node-utils": "4.56.10"
      },
      "engines": {
        "node": ">=10.0"
      },
      "funding": {
        "type": "github",
        "url": "https://github.com/sponsors/streamich"
      },
      "peerDependencies": {
        "tslib": "2"
      }
    },
    "node_modules/@jsonjoy.com/fs-node-utils": {
      "version": "4.56.10",
      "resolved": "https://registry.npmjs.org/@jsonjoy.com/fs-node-utils/-/fs-node-utils-4.56.10.tgz",
      "integrity": "sha512-8EuPBgVI2aDPwFdaNQeNpHsyqPi3rr+85tMNG/lHvQLiVjzoZsvxA//Xd8aB567LUhy4QS03ptT+unkD/DIsNg==",
      "license": "Apache-2.0",
      "dependencies": {
        "@jsonjoy.com/fs-node-builtins": "4.56.10"
      },
      "engines": {
        "node": ">=10.0"
      },
      "funding": {
        "type": "github",
        "url": "https://github.com/sponsors/streamich"
      },
      "peerDependencies": {
        "tslib": "2"
      }
    },
    "node_modules/@jsonjoy.com/fs-print": {
      "version": "4.56.10",
      "resolved": "https://registry.npmjs.org/@jsonjoy.com/fs-print/-/fs-print-4.56.10.tgz",
      "integrity": "sha512-JW4fp5mAYepzFsSGrQ48ep8FXxpg4niFWHdF78wDrFGof7F3tKDJln72QFDEn/27M1yHd4v7sKHHVPh78aWcEw==",
      "license": "Apache-2.0",
      "dependencies": {
        "@jsonjoy.com/fs-node-utils": "4.56.10",
        "tree-dump": "^1.1.0"
      },
      "engines": {
        "node": ">=10.0"
      },
      "funding": {
        "type": "github",
        "url": "https://github.com/sponsors/streamich"
      },
      "peerDependencies": {
        "tslib": "2"
      }
    },
    "node_modules/@jsonjoy.com/fs-snapshot": {
      "version": "4.56.10",
      "resolved": "https://registry.npmjs.org/@jsonjoy.com/fs-snapshot/-/fs-snapshot-4.56.10.tgz",
      "integrity": "sha512-DkR6l5fj7+qj0+fVKm/OOXMGfDFCGXLfyHkORH3DF8hxkpDgIHbhf/DwncBMs2igu/ST7OEkexn1gIqoU6Y+9g==",
      "license": "Apache-2.0",
      "dependencies": {
        "@jsonjoy.com/buffers": "^17.65.0",
        "@jsonjoy.com/fs-node-utils": "4.56.10",
        "@jsonjoy.com/json-pack": "^17.65.0",
        "@jsonjoy.com/util": "^17.65.0"
      },
      "engines": {
        "node": ">=10.0"
      },
      "funding": {
        "type": "github",
        "url": "https://github.com/sponsors/streamich"
      },
      "peerDependencies": {
        "tslib": "2"
      }
    },
    "node_modules/@jsonjoy.com/fs-snapshot/node_modules/@jsonjoy.com/base64": {
      "version": "17.67.0",
      "resolved": "https://registry.npmjs.org/@jsonjoy.com/base64/-/base64-17.67.0.tgz",
      "integrity": "sha512-5SEsJGsm15aP8TQGkDfJvz9axgPwAEm98S5DxOuYe8e1EbfajcDmgeXXzccEjh+mLnjqEKrkBdjHWS5vFNwDdw==",
      "license": "Apache-2.0",
      "engines": {
        "node": ">=10.0"
      },
      "funding": {
        "type": "github",
        "url": "https://github.com/sponsors/streamich"
      },
      "peerDependencies": {
        "tslib": "2"
      }
    },
    "node_modules/@jsonjoy.com/fs-snapshot/node_modules/@jsonjoy.com/codegen": {
      "version": "17.67.0",
      "resolved": "https://registry.npmjs.org/@jsonjoy.com/codegen/-/codegen-17.67.0.tgz",
      "integrity": "sha512-idnkUplROpdBOV0HMcwhsCUS5TRUi9poagdGs70A6S4ux9+/aPuKbh8+UYRTLYQHtXvAdNfQWXDqZEx5k4Dj2Q==",
      "license": "Apache-2.0",
      "engines": {
        "node": ">=10.0"
      },
      "funding": {
        "type": "github",
        "url": "https://github.com/sponsors/streamich"
      },
      "peerDependencies": {
        "tslib": "2"
      }
    },
    "node_modules/@jsonjoy.com/fs-snapshot/node_modules/@jsonjoy.com/json-pack": {
      "version": "17.67.0",
      "resolved": "https://registry.npmjs.org/@jsonjoy.com/json-pack/-/json-pack-17.67.0.tgz",
      "integrity": "sha512-t0ejURcGaZsn1ClbJ/3kFqSOjlryd92eQY465IYrezsXmPcfHPE/av4twRSxf6WE+TkZgLY+71vCZbiIiFKA/w==",
      "license": "Apache-2.0",
      "dependencies": {
        "@jsonjoy.com/base64": "17.67.0",
        "@jsonjoy.com/buffers": "17.67.0",
        "@jsonjoy.com/codegen": "17.67.0",
        "@jsonjoy.com/json-pointer": "17.67.0",
        "@jsonjoy.com/util": "17.67.0",
        "hyperdyperid": "^1.2.0",
        "thingies": "^2.5.0",
        "tree-dump": "^1.1.0"
      },
      "engines": {
        "node": ">=10.0"
      },
      "funding": {
        "type": "github",
        "url": "https://github.com/sponsors/streamich"
      },
      "peerDependencies": {
        "tslib": "2"
      }
    },
    "node_modules/@jsonjoy.com/fs-snapshot/node_modules/@jsonjoy.com/json-pointer": {
      "version": "17.67.0",
      "resolved": "https://registry.npmjs.org/@jsonjoy.com/json-pointer/-/json-pointer-17.67.0.tgz",
      "integrity": "sha512-+iqOFInH+QZGmSuaybBUNdh7yvNrXvqR+h3wjXm0N/3JK1EyyFAeGJvqnmQL61d1ARLlk/wJdFKSL+LHJ1eaUA==",
      "license": "Apache-2.0",
      "dependencies": {
        "@jsonjoy.com/util": "17.67.0"
      },
      "engines": {
        "node": ">=10.0"
      },
      "funding": {
        "type": "github",
        "url": "https://github.com/sponsors/streamich"
      },
      "peerDependencies": {
        "tslib": "2"
      }
    },
    "node_modules/@jsonjoy.com/fs-snapshot/node_modules/@jsonjoy.com/util": {
      "version": "17.67.0",
      "resolved": "https://registry.npmjs.org/@jsonjoy.com/util/-/util-17.67.0.tgz",
      "integrity": "sha512-6+8xBaz1rLSohlGh68D1pdw3AwDi9xydm8QNlAFkvnavCJYSze+pxoW2VKP8p308jtlMRLs5NTHfPlZLd4w7ew==",
      "license": "Apache-2.0",
      "dependencies": {
        "@jsonjoy.com/buffers": "17.67.0",
        "@jsonjoy.com/codegen": "17.67.0"
      },
      "engines": {
        "node": ">=10.0"
      },
      "funding": {
        "type": "github",
        "url": "https://github.com/sponsors/streamich"
      },
      "peerDependencies": {
        "tslib": "2"
      }
    },
    "node_modules/@jsonjoy.com/json-pack": {
      "version": "1.21.0",
      "resolved": "https://registry.npmjs.org/@jsonjoy.com/json-pack/-/json-pack-1.21.0.tgz",
      "integrity": "sha512-+AKG+R2cfZMShzrF2uQw34v3zbeDYUqnQ+jg7ORic3BGtfw9p/+N6RJbq/kkV8JmYZaINknaEQ2m0/f693ZPpg==",
      "license": "Apache-2.0",
      "dependencies": {
        "@jsonjoy.com/base64": "^1.1.2",
        "@jsonjoy.com/buffers": "^1.2.0",
        "@jsonjoy.com/codegen": "^1.0.0",
        "@jsonjoy.com/json-pointer": "^1.0.2",
        "@jsonjoy.com/util": "^1.9.0",
        "hyperdyperid": "^1.2.0",
        "thingies": "^2.5.0",
        "tree-dump": "^1.1.0"
      },
      "engines": {
        "node": ">=10.0"
      },
      "funding": {
        "type": "github",
        "url": "https://github.com/sponsors/streamich"
      },
      "peerDependencies": {
        "tslib": "2"
      }
    },
    "node_modules/@jsonjoy.com/json-pack/node_modules/@jsonjoy.com/buffers": {
      "version": "1.2.1",
      "resolved": "https://registry.npmjs.org/@jsonjoy.com/buffers/-/buffers-1.2.1.tgz",
      "integrity": "sha512-12cdlDwX4RUM3QxmUbVJWqZ/mrK6dFQH4Zxq6+r1YXKXYBNgZXndx2qbCJwh3+WWkCSn67IjnlG3XYTvmvYtgA==",
      "license": "Apache-2.0",
      "engines": {
        "node": ">=10.0"
      },
      "funding": {
        "type": "github",
        "url": "https://github.com/sponsors/streamich"
      },
      "peerDependencies": {
        "tslib": "2"
      }
    },
    "node_modules/@jsonjoy.com/json-pointer": {
      "version": "1.0.2",
      "resolved": "https://registry.npmjs.org/@jsonjoy.com/json-pointer/-/json-pointer-1.0.2.tgz",
      "integrity": "sha512-Fsn6wM2zlDzY1U+v4Nc8bo3bVqgfNTGcn6dMgs6FjrEnt4ZCe60o6ByKRjOGlI2gow0aE/Q41QOigdTqkyK5fg==",
      "license": "Apache-2.0",
      "dependencies": {
        "@jsonjoy.com/codegen": "^1.0.0",
        "@jsonjoy.com/util": "^1.9.0"
      },
      "engines": {
        "node": ">=10.0"
      },
      "funding": {
        "type": "github",
        "url": "https://github.com/sponsors/streamich"
      },
      "peerDependencies": {
        "tslib": "2"
      }
    },
    "node_modules/@jsonjoy.com/util": {
      "version": "1.9.0",
      "resolved": "https://registry.npmjs.org/@jsonjoy.com/util/-/util-1.9.0.tgz",
      "integrity": "sha512-pLuQo+VPRnN8hfPqUTLTHk126wuYdXVxE6aDmjSeV4NCAgyxWbiOIeNJVtID3h1Vzpoi9m4jXezf73I6LgabgQ==",
      "license": "Apache-2.0",
      "dependencies": {
        "@jsonjoy.com/buffers": "^1.0.0",
        "@jsonjoy.com/codegen": "^1.0.0"
      },
      "engines": {
        "node": ">=10.0"
      },
      "funding": {
        "type": "github",
        "url": "https://github.com/sponsors/streamich"
      },
      "peerDependencies": {
        "tslib": "2"
      }
    },
    "node_modules/@jsonjoy.com/util/node_modules/@jsonjoy.com/buffers": {
      "version": "1.2.1",
      "resolved": "https://registry.npmjs.org/@jsonjoy.com/buffers/-/buffers-1.2.1.tgz",
      "integrity": "sha512-12cdlDwX4RUM3QxmUbVJWqZ/mrK6dFQH4Zxq6+r1YXKXYBNgZXndx2qbCJwh3+WWkCSn67IjnlG3XYTvmvYtgA==",
      "license": "Apache-2.0",
      "engines": {
        "node": ">=10.0"
      },
      "funding": {
        "type": "github",
        "url": "https://github.com/sponsors/streamich"
      },
      "peerDependencies": {
        "tslib": "2"
      }
    },
    "node_modules/@pinojs/redact": {
      "version": "0.4.0",
      "resolved": "https://registry.npmjs.org/@pinojs/redact/-/redact-0.4.0.tgz",
      "integrity": "sha512-k2ENnmBugE/rzQfEcdWHcCY+/FM3VLzH9cYEsbdsoqrvzAKRhUZeRNhAZvB8OitQJ1TBed3yqWtdjzS6wJKBwg==",
      "license": "MIT"
    },
    "node_modules/@types/node": {
      "version": "25.3.3",
      "resolved": "https://registry.npmjs.org/@types/node/-/node-25.3.3.tgz",
      "integrity": "sha512-DpzbrH7wIcBaJibpKo9nnSQL0MTRdnWttGyE5haGwK86xgMOkFLp7vEyfQPGLOJh5wNYiJ3V9PmUMDhV9u8kkQ==",
      "dev": true,
      "license": "MIT",
      "dependencies": {
        "undici-types": "~7.18.0"
      }
    },
    "node_modules/@voxgig/util": {
      "version": "0.2.2",
      "resolved": "https://registry.npmjs.org/@voxgig/util/-/util-0.2.2.tgz",
      "integrity": "sha512-VDjvyCph4JqrmHmX6aMcfpuhE52FlMWn5fNa2Ms3J+u8zazsJLIEqxsuUvxq5BnxKADSp+EEudCklAtxQrOqCw==",
      "license": "MIT",
      "peerDependencies": {
        "gubu": ">=9",
        "pino": ">=10",
        "pino-pretty": ">=13"
      }
    },
    "node_modules/aontu": {
      "version": "0.36.0",
      "resolved": "https://registry.npmjs.org/aontu/-/aontu-0.36.0.tgz",
      "integrity": "sha512-3aIL4ys+yf23ofqyy6hERaxWNIZqwSo1mzqeO/xQ4Cxl+a1pZR5HFG+ulU8tfzvrdsiCpftRD9q6w7GJgcUMIg==",
      "license": "MIT",
      "dependencies": {
        "@jsonic/directive": "^1.2.0",
        "@jsonic/expr": "^2.0.0",
        "@jsonic/multisource": "^2.4.2",
        "@jsonic/path": "^1.5.1",
        "jsonic": "^2.18.0"
      },
      "engines": {
        "node": ">=22"
      }
    },
    "node_modules/atomic-sleep": {
      "version": "1.0.0",
      "resolved": "https://registry.npmjs.org/atomic-sleep/-/atomic-sleep-1.0.0.tgz",
      "integrity": "sha512-kNOjDqAh7px0XWNI+4QbzoiR/nTkHAWNud2uvnJquD1/x5a7EQZMJT0AczqK0Qn67oY/TTQ1LbUKajZpp3I9tQ==",
      "license": "MIT",
      "engines": {
        "node": ">=8.0.0"
      }
    },
    "node_modules/chokidar": {
      "version": "5.0.0",
      "resolved": "https://registry.npmjs.org/chokidar/-/chokidar-5.0.0.tgz",
      "integrity": "sha512-TQMmc3w+5AxjpL8iIiwebF73dRDF4fBIieAqGn9RGCWaEVwQ6Fb2cGe31Yns0RRIzii5goJ1Y7xbMwo1TxMplw==",
      "license": "MIT",
      "dependencies": {
        "readdirp": "^5.0.0"
      },
      "engines": {
        "node": ">= 20.19.0"
      },
      "funding": {
        "url": "https://paulmillr.com/funding/"
      }
    },
    "node_modules/colorette": {
      "version": "2.0.20",
      "resolved": "https://registry.npmjs.org/colorette/-/colorette-2.0.20.tgz",
      "integrity": "sha512-IfEDxwoWIjkeXL1eXcDiow4UbKjhLdq6/EuSVR9GMN7KVH3r9gQ83e73hsz1Nd1T3ijd5xv1wcWRYO+D6kCI2w==",
      "license": "MIT"
    },
    "node_modules/dateformat": {
      "version": "4.6.3",
      "resolved": "https://registry.npmjs.org/dateformat/-/dateformat-4.6.3.tgz",
      "integrity": "sha512-2P0p0pFGzHS5EMnhdxQi7aJN+iMheud0UhG4dlE1DLAlvL8JHjJJTX/CSm4JXwV0Ka5nGk3zC5mcb5bUQUxxMA==",
      "license": "MIT",
      "engines": {
        "node": "*"
      }
    },
    "node_modules/diff": {
      "version": "8.0.2",
      "resolved": "https://registry.npmjs.org/diff/-/diff-8.0.2.tgz",
      "integrity": "sha512-sSuxWU5j5SR9QQji/o2qMvqRNYRDOcBTgsJ/DeCf4iSN4gW+gNMXM7wFIP+fdXZxoNiAnHUTGjCr+TSWXdRDKg==",
      "license": "BSD-3-Clause",
      "engines": {
        "node": ">=0.3.1"
      }
    },
    "node_modules/end-of-stream": {
      "version": "1.4.5",
      "resolved": "https://registry.npmjs.org/end-of-stream/-/end-of-stream-1.4.5.tgz",
      "integrity": "sha512-ooEGc6HP26xXq/N+GCGOT0JKCLDGrq2bQUZrQ7gyrJiZANJ/8YDTxTpQBXGMn+WbIQXNVpyWymm7KYVICQnyOg==",
      "license": "MIT",
      "dependencies": {
        "once": "^1.4.0"
      }
    },
    "node_modules/esbuild": {
      "version": "0.27.3",
      "resolved": "https://registry.npmjs.org/esbuild/-/esbuild-0.27.3.tgz",
      "integrity": "sha512-8VwMnyGCONIs6cWue2IdpHxHnAjzxnw2Zr7MkVxB2vjmQ2ivqGFb4LEG3SMnv0Gb2F/G/2yA8zUaiL1gywDCCg==",
      "dev": true,
      "hasInstallScript": true,
      "license": "MIT",
      "bin": {
        "esbuild": "bin/esbuild"
      },
      "engines": {
        "node": ">=18"
      },
      "optionalDependencies": {
        "@esbuild/aix-ppc64": "0.27.3",
        "@esbuild/android-arm": "0.27.3",
        "@esbuild/android-arm64": "0.27.3",
        "@esbuild/android-x64": "0.27.3",
        "@esbuild/darwin-arm64": "0.27.3",
        "@esbuild/darwin-x64": "0.27.3",
        "@esbuild/freebsd-arm64": "0.27.3",
        "@esbuild/freebsd-x64": "0.27.3",
        "@esbuild/linux-arm": "0.27.3",
        "@esbuild/linux-arm64": "0.27.3",
        "@esbuild/linux-ia32": "0.27.3",
        "@esbuild/linux-loong64": "0.27.3",
        "@esbuild/linux-mips64el": "0.27.3",
        "@esbuild/linux-ppc64": "0.27.3",
        "@esbuild/linux-riscv64": "0.27.3",
        "@esbuild/linux-s390x": "0.27.3",
        "@esbuild/linux-x64": "0.27.3",
        "@esbuild/netbsd-arm64": "0.27.3",
        "@esbuild/netbsd-x64": "0.27.3",
        "@esbuild/openbsd-arm64": "0.27.3",
        "@esbuild/openbsd-x64": "0.27.3",
        "@esbuild/openharmony-arm64": "0.27.3",
        "@esbuild/sunos-x64": "0.27.3",
        "@esbuild/win32-arm64": "0.27.3",
        "@esbuild/win32-ia32": "0.27.3",
        "@esbuild/win32-x64": "0.27.3"
      }
    },
    "node_modules/fast-copy": {
      "version": "4.0.2",
      "resolved": "https://registry.npmjs.org/fast-copy/-/fast-copy-4.0.2.tgz",
      "integrity": "sha512-ybA6PDXIXOXivLJK/z9e+Otk7ve13I4ckBvGO5I2RRmBU1gMHLVDJYEuJYhGwez7YNlYji2M2DvVU+a9mSFDlw==",
      "license": "MIT"
    },
    "node_modules/fast-safe-stringify": {
      "version": "2.1.1",
      "resolved": "https://registry.npmjs.org/fast-safe-stringify/-/fast-safe-stringify-2.1.1.tgz",
      "integrity": "sha512-W+KJc2dmILlPplD/H4K9l9LcAHAfPtP6BY84uVLXQ6Evcz9Lcg33Y2z1IVblT6xdY54PXYVHEv+0Wpq8Io6zkA==",
      "license": "MIT"
    },
    "node_modules/glob-to-regex.js": {
      "version": "1.2.0",
      "resolved": "https://registry.npmjs.org/glob-to-regex.js/-/glob-to-regex.js-1.2.0.tgz",
      "integrity": "sha512-QMwlOQKU/IzqMUOAZWubUOT8Qft+Y0KQWnX9nK3ch0CJg0tTp4TvGZsTfudYKv2NzoQSyPcnA6TYeIQ3jGichQ==",
      "license": "Apache-2.0",
      "engines": {
        "node": ">=10.0"
      },
      "funding": {
        "type": "github",
        "url": "https://github.com/sponsors/streamich"
      },
      "peerDependencies": {
        "tslib": "2"
      }
    },
    "node_modules/gubu": {
      "version": "9.0.0",
      "resolved": "https://registry.npmjs.org/gubu/-/gubu-9.0.0.tgz",
      "integrity": "sha512-ha4I76HekhYzoXoA5gJql3ql/fTRaj+pyQUwOITCuEENE8sdInUU1lc0+Wr7v4GeAh0Kh8sUCNuwwOw6DHRYTA==",
      "license": "MIT",
      "peer": true,
      "engines": {
        "node": ">=14"
      }
    },
    "node_modules/help-me": {
      "version": "5.0.0",
      "resolved": "https://registry.npmjs.org/help-me/-/help-me-5.0.0.tgz",
      "integrity": "sha512-7xgomUX6ADmcYzFik0HzAxh/73YlKR9bmFzf51CZwR+b6YtzU2m0u49hQCqV6SvlqIqsaxovfwdvbnsw3b/zpg==",
      "license": "MIT"
    },
    "node_modules/hyperdyperid": {
      "version": "1.2.0",
      "resolved": "https://registry.npmjs.org/hyperdyperid/-/hyperdyperid-1.2.0.tgz",
      "integrity": "sha512-Y93lCzHYgGWdrJ66yIktxiaGULYc6oGiABxhcO5AufBeOyoIdZF7bIfLaOrbM0iGIOXQQgxxRrFEnb+Y6w1n4A==",
      "license": "MIT",
      "engines": {
        "node": ">=10.18"
      }
    },
    "node_modules/jostraca": {
      "version": "0.25.1",
      "resolved": "https://registry.npmjs.org/jostraca/-/jostraca-0.25.1.tgz",
      "integrity": "sha512-Qd72e9LwNXK7pnC4/VHyIkntbGf0+v5RYldMepb3aXBXX+0I1Z+uqgv4ICdWHMsONj67rOfHh3CzOLgjvXYolQ==",
      "license": "MIT",
      "dependencies": {
        "diff": "8.0.2",
        "gubu": "9.0.0",
        "node-diff3": "3.2.0"
      },
      "peerDependencies": {
        "jsonic": ">=2.18.0",
        "memfs": ">=4"
      }
    },
    "node_modules/joycon": {
      "version": "3.1.1",
      "resolved": "https://registry.npmjs.org/joycon/-/joycon-3.1.1.tgz",
      "integrity": "sha512-34wB/Y7MW7bzjKRjUKTa46I2Z7eV62Rkhva+KkopW7Qvv/OSWBqvkSY7vusOPrNuZcUG3tApvdVgNB8POj3SPw==",
      "license": "MIT",
      "engines": {
        "node": ">=10"
      }
    },
    "node_modules/jsonic": {
      "version": "2.18.0",
      "resolved": "https://registry.npmjs.org/jsonic/-/jsonic-2.18.0.tgz",
      "integrity": "sha512-9TLqqYFWsaJdTZhHys2zHSmFUAareegiPrhxXCLkSP4iaA4Zj8+5Q/fTFVkqPyNSZFSbFCwdwb2YJrqE4VwN0Q==",
      "license": "MIT",
      "peer": true,
      "bin": {
        "jsonic": "bin/jsonic"
      }
    },
    "node_modules/memfs": {
      "version": "4.56.10",
      "resolved": "https://registry.npmjs.org/memfs/-/memfs-4.56.10.tgz",
      "integrity": "sha512-eLvzyrwqLHnLYalJP7YZ3wBe79MXktMdfQbvMrVD80K+NhrIukCVBvgP30zTJYEEDh9hZ/ep9z0KOdD7FSHo7w==",
      "license": "Apache-2.0",
      "peer": true,
      "dependencies": {
        "@jsonjoy.com/fs-core": "4.56.10",
        "@jsonjoy.com/fs-fsa": "4.56.10",
        "@jsonjoy.com/fs-node": "4.56.10",
        "@jsonjoy.com/fs-node-builtins": "4.56.10",
        "@jsonjoy.com/fs-node-to-fsa": "4.56.10",
        "@jsonjoy.com/fs-node-utils": "4.56.10",
        "@jsonjoy.com/fs-print": "4.56.10",
        "@jsonjoy.com/fs-snapshot": "4.56.10",
        "@jsonjoy.com/json-pack": "^1.11.0",
        "@jsonjoy.com/util": "^1.9.0",
        "glob-to-regex.js": "^1.0.1",
        "thingies": "^2.5.0",
        "tree-dump": "^1.0.3",
        "tslib": "^2.0.0"
      },
      "funding": {
        "type": "github",
        "url": "https://github.com/sponsors/streamich"
      },
      "peerDependencies": {
        "tslib": "2"
      }
    },
    "node_modules/minimist": {
      "version": "1.2.8",
      "resolved": "https://registry.npmjs.org/minimist/-/minimist-1.2.8.tgz",
      "integrity": "sha512-2yyAR8qBkN3YuheJanUpWC5U3bb5osDywNB8RzDVlDwDHbocAJveqqj1u8+SVD7jkWT4yvsHCpWqqWqAxb0zCA==",
      "license": "MIT",
      "funding": {
        "url": "https://github.com/sponsors/ljharb"
      }
    },
    "node_modules/node-diff3": {
      "version": "3.2.0",
      "resolved": "https://registry.npmjs.org/node-diff3/-/node-diff3-3.2.0.tgz",
      "integrity": "sha512-vLh2xJFSyniBLYDEDbXKqD32fQ5vAxmYT4hco8t0EHQ4CQ4BDHhshi7kdvDc6Y1MwGSi1Mhl4unUukPbCayZdw==",
      "license": "MIT",
      "engines": {
        "bun": ">=1.3.0",
        "node": ">=18"
      }
    },
    "node_modules/on-exit-leak-free": {
      "version": "2.1.2",
      "resolved": "https://registry.npmjs.org/on-exit-leak-free/-/on-exit-leak-free-2.1.2.tgz",
      "integrity": "sha512-0eJJY6hXLGf1udHwfNftBqH+g73EU4B504nZeKpz1sYRKafAghwxEJunB2O7rDZkL4PGfsMVnTXZ2EjibbqcsA==",
      "license": "MIT",
      "engines": {
        "node": ">=14.0.0"
      }
    },
    "node_modules/once": {
      "version": "1.4.0",
      "resolved": "https://registry.npmjs.org/once/-/once-1.4.0.tgz",
      "integrity": "sha512-lNaJgI+2Q5URQBkccEKHTQOPaXdUxnZZElQTZY0MFUAuaEqe1E+Nyvgdz/aIyNi6Z9MzO5dv1H8n58/GELp3+w==",
      "license": "ISC",
      "dependencies": {
        "wrappy": "1"
      }
    },
    "node_modules/pino": {
      "version": "10.3.1",
      "resolved": "https://registry.npmjs.org/pino/-/pino-10.3.1.tgz",
      "integrity": "sha512-r34yH/GlQpKZbU1BvFFqOjhISRo1MNx1tWYsYvmj6KIRHSPMT2+yHOEb1SG6NMvRoHRF0a07kCOox/9yakl1vg==",
      "license": "MIT",
      "peer": true,
      "dependencies": {
        "@pinojs/redact": "^0.4.0",
        "atomic-sleep": "^1.0.0",
        "on-exit-leak-free": "^2.1.0",
        "pino-abstract-transport": "^3.0.0",
        "pino-std-serializers": "^7.0.0",
        "process-warning": "^5.0.0",
        "quick-format-unescaped": "^4.0.3",
        "real-require": "^0.2.0",
        "safe-stable-stringify": "^2.3.1",
        "sonic-boom": "^4.0.1",
        "thread-stream": "^4.0.0"
      },
      "bin": {
        "pino": "bin.js"
      }
    },
    "node_modules/pino-abstract-transport": {
      "version": "3.0.0",
      "resolved": "https://registry.npmjs.org/pino-abstract-transport/-/pino-abstract-transport-3.0.0.tgz",
      "integrity": "sha512-wlfUczU+n7Hy/Ha5j9a/gZNy7We5+cXp8YL+X+PG8S0KXxw7n/JXA3c46Y0zQznIJ83URJiwy7Lh56WLokNuxg==",
      "license": "MIT",
      "dependencies": {
        "split2": "^4.0.0"
      }
    },
    "node_modules/pino-pretty": {
      "version": "13.1.3",
      "resolved": "https://registry.npmjs.org/pino-pretty/-/pino-pretty-13.1.3.tgz",
      "integrity": "sha512-ttXRkkOz6WWC95KeY9+xxWL6AtImwbyMHrL1mSwqwW9u+vLp/WIElvHvCSDg0xO/Dzrggz1zv3rN5ovTRVowKg==",
      "license": "MIT",
      "peer": true,
      "dependencies": {
        "colorette": "^2.0.7",
        "dateformat": "^4.6.3",
        "fast-copy": "^4.0.0",
        "fast-safe-stringify": "^2.1.1",
        "help-me": "^5.0.0",
        "joycon": "^3.1.1",
        "minimist": "^1.2.6",
        "on-exit-leak-free": "^2.1.0",
        "pino-abstract-transport": "^3.0.0",
        "pump": "^3.0.0",
        "secure-json-parse": "^4.0.0",
        "sonic-boom": "^4.0.1",
        "strip-json-comments": "^5.0.2"
      },
      "bin": {
        "pino-pretty": "bin.js"
      }
    },
    "node_modules/pino-std-serializers": {
      "version": "7.1.0",
      "resolved": "https://registry.npmjs.org/pino-std-serializers/-/pino-std-serializers-7.1.0.tgz",
      "integrity": "sha512-BndPH67/JxGExRgiX1dX0w1FvZck5Wa4aal9198SrRhZjH3GxKQUKIBnYJTdj2HDN3UQAS06HlfcSbQj2OHmaw==",
      "license": "MIT"
    },
    "node_modules/process-warning": {
      "version": "5.0.0",
      "resolved": "https://registry.npmjs.org/process-warning/-/process-warning-5.0.0.tgz",
      "integrity": "sha512-a39t9ApHNx2L4+HBnQKqxxHNs1r7KF+Intd8Q/g1bUh6q0WIp9voPXJ/x0j+ZL45KF1pJd9+q2jLIRMfvEshkA==",
      "funding": [
        {
          "type": "github",
          "url": "https://github.com/sponsors/fastify"
        },
        {
          "type": "opencollective",
          "url": "https://opencollective.com/fastify"
        }
      ],
      "license": "MIT"
    },
    "node_modules/pump": {
      "version": "3.0.4",
      "resolved": "https://registry.npmjs.org/pump/-/pump-3.0.4.tgz",
      "integrity": "sha512-VS7sjc6KR7e1ukRFhQSY5LM2uBWAUPiOPa/A3mkKmiMwSmRFUITt0xuj+/lesgnCv+dPIEYlkzrcyXgquIHMcA==",
      "license": "MIT",
      "dependencies": {
        "end-of-stream": "^1.1.0",
        "once": "^1.3.1"
      }
    },
    "node_modules/quick-format-unescaped": {
      "version": "4.0.4",
      "resolved": "https://registry.npmjs.org/quick-format-unescaped/-/quick-format-unescaped-4.0.4.tgz",
      "integrity": "sha512-tYC1Q1hgyRuHgloV/YXs2w15unPVh8qfu/qCTfhTYamaw7fyhumKa2yGpdSo87vY32rIclj+4fWYQXUMs9EHvg==",
      "license": "MIT"
    },
    "node_modules/readdirp": {
      "version": "5.0.0",
      "resolved": "https://registry.npmjs.org/readdirp/-/readdirp-5.0.0.tgz",
      "integrity": "sha512-9u/XQ1pvrQtYyMpZe7DXKv2p5CNvyVwzUB6uhLAnQwHMSgKMBR62lc7AHljaeteeHXn11XTAaLLUVZYVZyuRBQ==",
      "license": "MIT",
      "engines": {
        "node": ">= 20.19.0"
      },
      "funding": {
        "type": "individual",
        "url": "https://paulmillr.com/funding/"
      }
    },
    "node_modules/real-require": {
      "version": "0.2.0",
      "resolved": "https://registry.npmjs.org/real-require/-/real-require-0.2.0.tgz",
      "integrity": "sha512-57frrGM/OCTLqLOAh0mhVA9VBMHd+9U7Zb2THMGdBUoZVOtGbJzjxsYGDJ3A9AYYCP4hn6y1TVbaOfzWtm5GFg==",
      "license": "MIT",
      "engines": {
        "node": ">= 12.13.0"
      }
    },
    "node_modules/safe-stable-stringify": {
      "version": "2.5.0",
      "resolved": "https://registry.npmjs.org/safe-stable-stringify/-/safe-stable-stringify-2.5.0.tgz",
      "integrity": "sha512-b3rppTKm9T+PsVCBEOUR46GWI7fdOs00VKZ1+9c1EWDaDMvjQc6tUwuFyIprgGgTcWoVHSKrU8H31ZHA2e0RHA==",
      "license": "MIT",
      "engines": {
        "node": ">=10"
      }
    },
    "node_modules/secure-json-parse": {
      "version": "4.1.0",
      "resolved": "https://registry.npmjs.org/secure-json-parse/-/secure-json-parse-4.1.0.tgz",
      "integrity": "sha512-l4KnYfEyqYJxDwlNVyRfO2E4NTHfMKAWdUuA8J0yve2Dz/E/PdBepY03RvyJpssIpRFwJoCD55wA+mEDs6ByWA==",
      "funding": [
        {
          "type": "github",
          "url": "https://github.com/sponsors/fastify"
        },
        {
          "type": "opencollective",
          "url": "https://opencollective.com/fastify"
        }
      ],
      "license": "BSD-3-Clause"
    },
    "node_modules/sonic-boom": {
      "version": "4.2.1",
      "resolved": "https://registry.npmjs.org/sonic-boom/-/sonic-boom-4.2.1.tgz",
      "integrity": "sha512-w6AxtubXa2wTXAUsZMMWERrsIRAdrK0Sc+FUytWvYAhBJLyuI4llrMIC1DtlNSdI99EI86KZum2MMq3EAZlF9Q==",
      "license": "MIT",
      "dependencies": {
        "atomic-sleep": "^1.0.0"
      }
    },
    "node_modules/split2": {
      "version": "4.2.0",
      "resolved": "https://registry.npmjs.org/split2/-/split2-4.2.0.tgz",
      "integrity": "sha512-UcjcJOWknrNkF6PLX83qcHM6KHgVKNkV62Y8a5uYDVv9ydGQVwAHMKqHdJje1VTWpljG0WYpCDhrCdAOYH4TWg==",
      "license": "ISC",
      "engines": {
        "node": ">= 10.x"
      }
    },
    "node_modules/strip-json-comments": {
      "version": "5.0.3",
      "resolved": "https://registry.npmjs.org/strip-json-comments/-/strip-json-comments-5.0.3.tgz",
      "integrity": "sha512-1tB5mhVo7U+ETBKNf92xT4hrQa3pm0MZ0PQvuDnWgAAGHDsfp4lPSpiS6psrSiet87wyGPh9ft6wmhOMQ0hDiw==",
      "license": "MIT",
      "engines": {
        "node": ">=14.16"
      },
      "funding": {
        "url": "https://github.com/sponsors/sindresorhus"
      }
    },
    "node_modules/thingies": {
      "version": "2.5.0",
      "resolved": "https://registry.npmjs.org/thingies/-/thingies-2.5.0.tgz",
      "integrity": "sha512-s+2Bwztg6PhWUD7XMfeYm5qliDdSiZm7M7n8KjTkIsm3l/2lgVRc2/Gx/v+ZX8lT4FMA+i8aQvhcWylldc+ZNw==",
      "license": "MIT",
      "engines": {
        "node": ">=10.18"
      },
      "funding": {
        "type": "github",
        "url": "https://github.com/sponsors/streamich"
      },
      "peerDependencies": {
        "tslib": "^2"
      }
    },
    "node_modules/thread-stream": {
      "version": "4.0.0",
      "resolved": "https://registry.npmjs.org/thread-stream/-/thread-stream-4.0.0.tgz",
      "integrity": "sha512-4iMVL6HAINXWf1ZKZjIPcz5wYaOdPhtO8ATvZ+Xqp3BTdaqtAwQkNmKORqcIo5YkQqGXq5cwfswDwMqqQNrpJA==",
      "license": "MIT",
      "dependencies": {
        "real-require": "^0.2.0"
      },
      "engines": {
        "node": ">=20"
      }
    },
    "node_modules/tree-dump": {
      "version": "1.1.0",
      "resolved": "https://registry.npmjs.org/tree-dump/-/tree-dump-1.1.0.tgz",
      "integrity": "sha512-rMuvhU4MCDbcbnleZTFezWsaZXRFemSqAM+7jPnzUl1fo9w3YEKOxAeui0fz3OI4EU4hf23iyA7uQRVko+UaBA==",
      "license": "Apache-2.0",
      "engines": {
        "node": ">=10.0"
      },
      "funding": {
        "type": "github",
        "url": "https://github.com/sponsors/streamich"
      },
      "peerDependencies": {
        "tslib": "2"
      }
    },
    "node_modules/tslib": {
      "version": "2.8.1",
      "resolved": "https://registry.npmjs.org/tslib/-/tslib-2.8.1.tgz",
      "integrity": "sha512-oJFu94HQb+KVduSUQL7wnpmqnfmLsOA/nAh6b6EH0wCEoK0/mPeXU6c3wKDV83MkOuHPRHtSXKKU99IBazS/2w==",
      "license": "0BSD",
      "peer": true
    },
    "node_modules/typescript": {
      "version": "5.9.3",
      "resolved": "https://registry.npmjs.org/typescript/-/typescript-5.9.3.tgz",
      "integrity": "sha512-jl1vZzPDinLr9eUt3J/t7V6FgNEw9QjvBPdysz9KfQDD41fQrC2Y4vKQdiaUpFT4bXlb1RHhLpp8wtm6M5TgSw==",
      "dev": true,
      "license": "Apache-2.0",
      "bin": {
        "tsc": "bin/tsc",
        "tsserver": "bin/tsserver"
      },
      "engines": {
        "node": ">=14.17"
      }
    },
    "node_modules/undici-types": {
      "version": "7.18.2",
      "resolved": "https://registry.npmjs.org/undici-types/-/undici-types-7.18.2.tgz",
      "integrity": "sha512-AsuCzffGHJybSaRrmr5eHr81mwJU3kjw6M+uprWvCXiNeN9SOGwQ3Jn8jb8m3Z6izVgknn1R0FTCEAP2QrLY/w==",
      "dev": true,
      "license": "MIT"
    },
    "node_modules/wrappy": {
      "version": "1.0.2",
      "resolved": "https://registry.npmjs.org/wrappy/-/wrappy-1.0.2.tgz",
      "integrity": "sha512-l4Sp/DRseor9wL6EvV2+TuQn63dMkPjZ/sp9XkghTEbV9KlPS1xUsZ3u7/IQO4wxtcFB4bgpQPRcR3QCvezPcQ==",
      "license": "ISC"
    }
  }
}
